// !$*UTF8*$!
{
	archiveVersion = 1;
	classes = {
	};
	objectVersion = 46;
	objects = {

/* Begin PBXBuildFile section */
		D66E179A1B44BCFA008A78B4 /* QuartzCore.framework in Frameworks */ = {isa = PBXBuildFile; fileRef = D66E17991B44BCFA008A78B4 /* QuartzCore.framework */; };
		D66E179C1B44BD03008A78B4 /* OpenGLES.framework in Frameworks */ = {isa = PBXBuildFile; fileRef = D66E179B1B44BD03008A78B4 /* OpenGLES.framework */; };
		D66E179E1B44BD0D008A78B4 /* GLKit.framework in Frameworks */ = {isa = PBXBuildFile; fileRef = D66E179D1B44BD0D008A78B4 /* GLKit.framework */; };
		D67C68261B44BB4A000BDA5D /* AppDelegate.swift in Sources */ = {isa = PBXBuildFile; fileRef = D67C68251B44BB4A000BDA5D /* AppDelegate.swift */; };
		D67C68291B44BB4A000BDA5D /* Main.storyboard in Resources */ = {isa = PBXBuildFile; fileRef = D67C68271B44BB4A000BDA5D /* Main.storyboard */; };
		D67C682B1B44BB4A000BDA5D /* Images.xcassets in Resources */ = {isa = PBXBuildFile; fileRef = D67C682A1B44BB4A000BDA5D /* Images.xcassets */; };
		D67C682E1B44BB4A000BDA5D /* LaunchScreen.xib in Resources */ = {isa = PBXBuildFile; fileRef = D67C682C1B44BB4A000BDA5D /* LaunchScreen.xib */; };
		D67C683A1B44BB4A000BDA5D /* Good_LuckTests.swift in Sources */ = {isa = PBXBuildFile; fileRef = D67C68391B44BB4A000BDA5D /* Good_LuckTests.swift */; };
		D67C68441B44BB6B000BDA5D /* GameViewController.swift in Sources */ = {isa = PBXBuildFile; fileRef = D67C68431B44BB6B000BDA5D /* GameViewController.swift */; };
		D67C68461B44BB77000BDA5D /* Sprite.swift in Sources */ = {isa = PBXBuildFile; fileRef = D67C68451B44BB77000BDA5D /* Sprite.swift */; };
		D67C68481B44BB8A000BDA5D /* Player.png in Resources */ = {isa = PBXBuildFile; fileRef = D67C68471B44BB8A000BDA5D /* Player.png */; };
/* End PBXBuildFile section */

/* Begin PBXContainerItemProxy section */
		D67C68341B44BB4A000BDA5D /* PBXContainerItemProxy */ = {
			isa = PBXContainerItemProxy;
			containerPortal = D67C68181B44BB4A000BDA5D /* Project object */;
			proxyType = 1;
			remoteGlobalIDString = D67C681F1B44BB4A000BDA5D;
			remoteInfo = "Good Luck";
		};
/* End PBXContainerItemProxy section */

/* Begin PBXFileReference section */
		D66E17991B44BCFA008A78B4 /* QuartzCore.framework */ = {isa = PBXFileReference; lastKnownFileType = wrapper.framework; name = QuartzCore.framework; path = System/Library/Frameworks/QuartzCore.framework; sourceTree = SDKROOT; };
		D66E179B1B44BD03008A78B4 /* OpenGLES.framework */ = {isa = PBXFileReference; lastKnownFileType = wrapper.framework; name = OpenGLES.framework; path = System/Library/Frameworks/OpenGLES.framework; sourceTree = SDKROOT; };
		D66E179D1B44BD0D008A78B4 /* GLKit.framework */ = {isa = PBXFileReference; lastKnownFileType = wrapper.framework; name = GLKit.framework; path = System/Library/Frameworks/GLKit.framework; sourceTree = SDKROOT; };
		D67C68201B44BB4A000BDA5D /* Good Luck.app */ = {isa = PBXFileReference; explicitFileType = wrapper.application; includeInIndex = 0; path = "Good Luck.app"; sourceTree = BUILT_PRODUCTS_DIR; };
		D67C68241B44BB4A000BDA5D /* Info.plist */ = {isa = PBXFileReference; lastKnownFileType = text.plist.xml; path = Info.plist; sourceTree = "<group>"; };
		D67C68251B44BB4A000BDA5D /* AppDelegate.swift */ = {isa = PBXFileReference; lastKnownFileType = sourcecode.swift; path = AppDelegate.swift; sourceTree = "<group>"; };
		D67C68281B44BB4A000BDA5D /* Base */ = {isa = PBXFileReference; lastKnownFileType = file.storyboard; name = Base; path = Base.lproj/Main.storyboard; sourceTree = "<group>"; };
		D67C682A1B44BB4A000BDA5D /* Images.xcassets */ = {isa = PBXFileReference; lastKnownFileType = folder.assetcatalog; path = Images.xcassets; sourceTree = "<group>"; };
		D67C682D1B44BB4A000BDA5D /* Base */ = {isa = PBXFileReference; lastKnownFileType = file.xib; name = Base; path = Base.lproj/LaunchScreen.xib; sourceTree = "<group>"; };
		D67C68331B44BB4A000BDA5D /* Good LuckTests.xctest */ = {isa = PBXFileReference; explicitFileType = wrapper.cfbundle; includeInIndex = 0; path = "Good LuckTests.xctest"; sourceTree = BUILT_PRODUCTS_DIR; };
		D67C68381B44BB4A000BDA5D /* Info.plist */ = {isa = PBXFileReference; lastKnownFileType = text.plist.xml; path = Info.plist; sourceTree = "<group>"; };
		D67C68391B44BB4A000BDA5D /* Good_LuckTests.swift */ = {isa = PBXFileReference; lastKnownFileType = sourcecode.swift; path = Good_LuckTests.swift; sourceTree = "<group>"; };
		D67C68431B44BB6B000BDA5D /* GameViewController.swift */ = {isa = PBXFileReference; fileEncoding = 4; lastKnownFileType = sourcecode.swift; path = GameViewController.swift; sourceTree = "<group>"; };
		D67C68451B44BB77000BDA5D /* Sprite.swift */ = {isa = PBXFileReference; fileEncoding = 4; lastKnownFileType = sourcecode.swift; path = Sprite.swift; sourceTree = "<group>"; };
		D67C68471B44BB8A000BDA5D /* Player.png */ = {isa = PBXFileReference; lastKnownFileType = image.png; path = Player.png; sourceTree = "<group>"; };
/* End PBXFileReference section */

/* Begin PBXFrameworksBuildPhase section */
		D67C681D1B44BB4A000BDA5D /* Frameworks */ = {
			isa = PBXFrameworksBuildPhase;
			buildActionMask = 2147483647;
			files = (
				D66E179E1B44BD0D008A78B4 /* GLKit.framework in Frameworks */,
				D66E179C1B44BD03008A78B4 /* OpenGLES.framework in Frameworks */,
				D66E179A1B44BCFA008A78B4 /* QuartzCore.framework in Frameworks */,
			);
			runOnlyForDeploymentPostprocessing = 0;
		};
		D67C68301B44BB4A000BDA5D /* Frameworks */ = {
			isa = PBXFrameworksBuildPhase;
			buildActionMask = 2147483647;
			files = (
			);
			runOnlyForDeploymentPostprocessing = 0;
		};
/* End PBXFrameworksBuildPhase section */

/* Begin PBXGroup section */
		D67C68171B44BB4A000BDA5D = {
			isa = PBXGroup;
			children = (
				D66E179D1B44BD0D008A78B4 /* GLKit.framework */,
				D66E179B1B44BD03008A78B4 /* OpenGLES.framework */,
				D66E17991B44BCFA008A78B4 /* QuartzCore.framework */,
				D67C68221B44BB4A000BDA5D /* Good Luck */,
				D67C68361B44BB4A000BDA5D /* Good LuckTests */,
				D67C68211B44BB4A000BDA5D /* Products */,
			);
			sourceTree = "<group>";
		};
		D67C68211B44BB4A000BDA5D /* Products */ = {
			isa = PBXGroup;
			children = (
				D67C68201B44BB4A000BDA5D /* Good Luck.app */,
				D67C68331B44BB4A000BDA5D /* Good LuckTests.xctest */,
			);
			name = Products;
			sourceTree = "<group>";
		};
		D67C68221B44BB4A000BDA5D /* Good Luck */ = {
			isa = PBXGroup;
			children = (
				D67C68251B44BB4A000BDA5D /* AppDelegate.swift */,
				D67C68431B44BB6B000BDA5D /* GameViewController.swift */,
				D67C68451B44BB77000BDA5D /* Sprite.swift */,
				D67C68471B44BB8A000BDA5D /* Player.png */,
				D67C68271B44BB4A000BDA5D /* Main.storyboard */,
				D67C682A1B44BB4A000BDA5D /* Images.xcassets */,
				D67C682C1B44BB4A000BDA5D /* LaunchScreen.xib */,
				D67C68231B44BB4A000BDA5D /* Supporting Files */,
			);
			path = "Good Luck";
			sourceTree = "<group>";
		};
		D67C68231B44BB4A000BDA5D /* Supporting Files */ = {
			isa = PBXGroup;
			children = (
				D67C68241B44BB4A000BDA5D /* Info.plist */,
			);
			name = "Supporting Files";
			sourceTree = "<group>";
		};
		D67C68361B44BB4A000BDA5D /* Good LuckTests */ = {
			isa = PBXGroup;
			children = (
				D67C68391B44BB4A000BDA5D /* Good_LuckTests.swift */,
				D67C68371B44BB4A000BDA5D /* Supporting Files */,
			);
			path = "Good LuckTests";
			sourceTree = "<group>";
		};
		D67C68371B44BB4A000BDA5D /* Supporting Files */ = {
			isa = PBXGroup;
			children = (
				D67C68381B44BB4A000BDA5D /* Info.plist */,
			);
			name = "Supporting Files";
			sourceTree = "<group>";
		};
/* End PBXGroup section */

/* Begin PBXNativeTarget section */
		D67C681F1B44BB4A000BDA5D /* Good Luck */ = {
			isa = PBXNativeTarget;
			buildConfigurationList = D67C683D1B44BB4A000BDA5D /* Build configuration list for PBXNativeTarget "Good Luck" */;
			buildPhases = (
				D67C681C1B44BB4A000BDA5D /* Sources */,
				D67C681D1B44BB4A000BDA5D /* Frameworks */,
				D67C681E1B44BB4A000BDA5D /* Resources */,
			);
			buildRules = (
			);
			dependencies = (
			);
			name = "Good Luck";
			productName = "Good Luck";
			productReference = D67C68201B44BB4A000BDA5D /* Good Luck.app */;
			productType = "com.apple.product-type.application";
		};
		D67C68321B44BB4A000BDA5D /* Good LuckTests */ = {
			isa = PBXNativeTarget;
			buildConfigurationList = D67C68401B44BB4A000BDA5D /* Build configuration list for PBXNativeTarget "Good LuckTests" */;
			buildPhases = (
				D67C682F1B44BB4A000BDA5D /* Sources */,
				D67C68301B44BB4A000BDA5D /* Frameworks */,
				D67C68311B44BB4A000BDA5D /* Resources */,
			);
			buildRules = (
			);
			dependencies = (
				D67C68351B44BB4A000BDA5D /* PBXTargetDependency */,
			);
			name = "Good LuckTests";
			productName = "Good LuckTests";
			productReference = D67C68331B44BB4A000BDA5D /* Good LuckTests.xctest */;
			productType = "com.apple.product-type.bundle.unit-test";
		};
/* End PBXNativeTarget section */

/* Begin PBXProject section */
		D67C68181B44BB4A000BDA5D /* Project object */ = {
			isa = PBXProject;
			attributes = {
				LastUpgradeCheck = 0630;
				ORGANIZATIONNAME = "Robert Pyzalski";
				TargetAttributes = {
					D67C681F1B44BB4A000BDA5D = {
						CreatedOnToolsVersion = 6.3.2;
					};
					D67C68321B44BB4A000BDA5D = {
						CreatedOnToolsVersion = 6.3.2;
						TestTargetID = D67C681F1B44BB4A000BDA5D;
					};
				};
			};
			buildConfigurationList = D67C681B1B44BB4A000BDA5D /* Build configuration list for PBXProject "Good Luck" */;
			compatibilityVersion = "Xcode 3.2";
			developmentRegion = English;
			hasScannedForEncodings = 0;
			knownRegions = (
				en,
				Base,
			);
			mainGroup = D67C68171B44BB4A000BDA5D;
			productRefGroup = D67C68211B44BB4A000BDA5D /* Products */;
			projectDirPath = "";
			projectRoot = "";
			targets = (
				D67C681F1B44BB4A000BDA5D /* Good Luck */,
				D67C68321B44BB4A000BDA5D /* Good LuckTests */,
			);
		};
/* End PBXProject section */

/* Begin PBXResourcesBuildPhase section */
		D67C681E1B44BB4A000BDA5D /* Resources */ = {
			isa = PBXResourcesBuildPhase;
			buildActionMask = 2147483647;
			files = (
				D67C68291B44BB4A000BDA5D /* Main.storyboard in Resources */,
				D67C682E1B44BB4A000BDA5D /* LaunchScreen.xib in Resources */,
				D67C68481B44BB8A000BDA5D /* Player.png in Resources */,
				D67C682B1B44BB4A000BDA5D /* Images.xcassets in Resources */,
			);
			runOnlyForDeploymentPostprocessing = 0;
		};
		D67C68311B44BB4A000BDA5D /* Resources */ = {
			isa = PBXResourcesBuildPhase;
			buildActionMask = 2147483647;
			files = (
			);
			runOnlyForDeploymentPostprocessing = 0;
		};
/* End PBXResourcesBuildPhase section */

/* Begin PBXSourcesBuildPhase section */
		D67C681C1B44BB4A000BDA5D /* Sources */ = {
			isa = PBXSourcesBuildPhase;
			buildActionMask = 2147483647;
			files = (
				D67C68441B44BB6B000BDA5D /* GameViewController.swift in Sources */,
				D67C68461B44BB77000BDA5D /* Sprite.swift in Sources */,
				D67C68261B44BB4A000BDA5D /* AppDelegate.swift in Sources */,
			);
			runOnlyForDeploymentPostprocessing = 0;
		};
		D67C682F1B44BB4A000BDA5D /* Sources */ = {
			isa = PBXSourcesBuildPhase;
			buildActionMask = 2147483647;
			files = (
				D67C683A1B44BB4A000BDA5D /* Good_LuckTests.swift in Sources */,
			);
			runOnlyForDeploymentPostprocessing = 0;
		};
/* End PBXSourcesBuildPhase section */

/* Begin PBXTargetDependency section */
		D67C68351B44BB4A000BDA5D /* PBXTargetDependency */ = {
			isa = PBXTargetDependency;
			target = D67C681F1B44BB4A000BDA5D /* Good Luck */;
			targetProxy = D67C68341B44BB4A000BDA5D /* PBXContainerItemProxy */;
		};
/* End PBXTargetDependency section */

/* Begin PBXVariantGroup section */
		D67C68271B44BB4A000BDA5D /* Main.storyboard */ = {
			isa = PBXVariantGroup;
			children = (
				D67C68281B44BB4A000BDA5D /* Base */,
			);
			name = Main.storyboard;
			sourceTree = "<group>";
		};
		D67C682C1B44BB4A000BDA5D /* LaunchScreen.xib */ = {
			isa = PBXVariantGroup;
			children = (
				D67C682D1B44BB4A000BDA5D /* Base */,
			);
			name = LaunchScreen.xib;
			sourceTree = "<group>";
		};
/* End PBXVariantGroup section */

/* Begin XCBuildConfiguration section */
		D67C683B1B44BB4A000BDA5D /* Debug */ = {
			isa = XCBuildConfiguration;
			buildSettings = {
				ALWAYS_SEARCH_USER_PATHS = NO;
				CLANG_CXX_LANGUAGE_STANDARD = "gnu++0x";
				CLANG_CXX_LIBRARY = "libc++";
				CLANG_ENABLE_MODULES = YES;
				CLANG_ENABLE_OBJC_ARC = YES;
				CLANG_WARN_BOOL_CONVERSION = YES;
				CLANG_WARN_CONSTANT_CONVERSION = YES;
				CLANG_WARN_DIRECT_OBJC_ISA_USAGE = YES_ERROR;
				CLANG_WARN_EMPTY_BODY = YES;
				CLANG_WARN_ENUM_CONVERSION = YES;
				CLANG_WARN_INT_CONVERSION = YES;
				CLANG_WARN_OBJC_ROOT_CLASS = YES_ERROR;
				CLANG_WARN_UNREACHABLE_CODE = YES;
				CLANG_WARN__DUPLICATE_METHOD_MATCH = YES;
				"CODE_SIGN_IDENTITY[sdk=iphoneos*]" = "iPhone Developer";
				COPY_PHASE_STRIP = NO;
				DEBUG_INFORMATION_FORMAT = "dwarf-with-dsym";
				ENABLE_STRICT_OBJC_MSGSEND = YES;
				GCC_C_LANGUAGE_STANDARD = gnu99;
				GCC_DYNAMIC_NO_PIC = NO;
				GCC_NO_COMMON_BLOCKS = YES;
				GCC_OPTIMIZATION_LEVEL = 0;
				GCC_PREPROCESSOR_DEFINITIONS = (
					"DEBUG=1",
					"$(inherited)",
				);
				GCC_SYMBOLS_PRIVATE_EXTERN = NO;
				GCC_WARN_64_TO_32_BIT_CONVERSION = YES;
				GCC_WARN_ABOUT_RETURN_TYPE = YES_ERROR;
				GCC_WARN_UNDECLARED_SELECTOR = YES;
				GCC_WARN_UNINITIALIZED_AUTOS = YES_AGGRESSIVE;
				GCC_WARN_UNUSED_FUNCTION = YES;
				GCC_WARN_UNUSED_VARIABLE = YES;
				IPHONEOS_DEPLOYMENT_TARGET = 8.3;
				MTL_ENABLE_DEBUG_INFO = YES;
				ONLY_ACTIVE_ARCH = YES;
				SDKROOT = iphoneos;
				SWIFT_OPTIMIZATION_LEVEL = "-Onone";
			};
			name = Debug;
		};
		D67C683C1B44BB4A000BDA5D /* Release */ = {
			isa = XCBuildConfiguration;
			buildSettings = {
				ALWAYS_SEARCH_USER_PATHS = NO;
				CLANG_CXX_LANGUAGE_STANDARD = "gnu++0x";
				CLANG_CXX_LIBRARY = "libc++";
				CLANG_ENABLE_MODULES = YES;
				CLANG_ENABLE_OBJC_ARC = YES;
				CLANG_WARN_BOOL_CONVERSION = YES;
				CLANG_WARN_CONSTANT_CONVERSION = YES;
				CLANG_WARN_DIRECT_OBJC_ISA_USAGE = YES_ERROR;
				CLANG_WARN_EMPTY_BODY = YES;
				CLANG_WARN_ENUM_CONVERSION = YES;
				CLANG_WARN_INT_CONVERSION = YES;
				CLANG_WARN_OBJC_ROOT_CLASS = YES_ERROR;
				CLANG_WARN_UNREACHABLE_CODE = YES;
				CLANG_WARN__DUPLICATE_METHOD_MATCH = YES;
				"CODE_SIGN_IDENTITY[sdk=iphoneos*]" = "iPhone Developer";
				COPY_PHASE_STRIP = NO;
				DEBUG_INFORMATION_FORMAT = "dwarf-with-dsym";
				ENABLE_NS_ASSERTIONS = NO;
				ENABLE_STRICT_OBJC_MSGSEND = YES;
				GCC_C_LANGUAGE_STANDARD = gnu99;
				GCC_NO_COMMON_BLOCKS = YES;
				GCC_WARN_64_TO_32_BIT_CONVERSION = YES;
				GCC_WARN_ABOUT_RETURN_TYPE = YES_ERROR;
				GCC_WARN_UNDECLARED_SELECTOR = YES;
				GCC_WARN_UNINITIALIZED_AUTOS = YES_AGGRESSIVE;
				GCC_WARN_UNUSED_FUNCTION = YES;
				GCC_WARN_UNUSED_VARIABLE = YES;
				IPHONEOS_DEPLOYMENT_TARGET = 8.3;
				MTL_ENABLE_DEBUG_INFO = NO;
				SDKROOT = iphoneos;
				VALIDATE_PRODUCT = YES;
			};
			name = Release;
		};
		D67C683E1B44BB4A000BDA5D /* Debug */ = {
			isa = XCBuildConfiguration;
			buildSettings = {
				ASSETCATALOG_COMPILER_APPICON_NAME = AppIcon;
				INFOPLIST_FILE = "Good Luck/Info.plist";
				LD_RUNPATH_SEARCH_PATHS = "$(inherited) @executable_path/Frameworks";
				PRODUCT_NAME = "$(TARGET_NAME)";
			};
			name = Debug;
		};
		D67C683F1B44BB4A000BDA5D /* Release */ = {
			isa = XCBuildConfiguration;
			buildSettings = {
				ASSETCATALOG_COMPILER_APPICON_NAME = AppIcon;
				INFOPLIST_FILE = "Good Luck/Info.plist";
				LD_RUNPATH_SEARCH_PATHS = "$(inherited) @executable_path/Frameworks";
				PRODUCT_NAME = "$(TARGET_NAME)";
			};
			name = Release;
		};
		D67C68411B44BB4A000BDA5D /* Debug */ = {
			isa = XCBuildConfiguration;
			buildSettings = {
				BUNDLE_LOADER = "$(TEST_HOST)";
				FRAMEWORK_SEARCH_PATHS = (
					"$(SDKROOT)/Developer/Library/Frameworks",
					"$(inherited)",
				);
				GCC_PREPROCESSOR_DEFINITIONS = (
					"DEBUG=1",
					"$(inherited)",
				);
				INFOPLIST_FILE = "Good LuckTests/Info.plist";
				LD_RUNPATH_SEARCH_PATHS = "$(inherited) @executable_path/Frameworks @loader_path/Frameworks";
				PRODUCT_NAME = "$(TARGET_NAME)";
				TEST_HOST = "$(BUILT_PRODUCTS_DIR)/Good Luck.app/Good Luck";
			};
			name = Debug;
		};
		D67C68421B44BB4A000BDA5D /* Release */ = {
			isa = XCBuildConfiguration;
			buildSettings = {
				BUNDLE_LOADER = "$(TEST_HOST)";
				FRAMEWORK_SEARCH_PATHS = (
					"$(SDKROOT)/Developer/Library/Frameworks",
					"$(inherited)",
				);
				INFOPLIST_FILE = "Good LuckTests/Info.plist";
				LD_RUNPATH_SEARCH_PATHS = "$(inherited) @executable_path/Frameworks @loader_path/Frameworks";
				PRODUCT_NAME = "$(TARGET_NAME)";
				TEST_HOST = "$(BUILT_PRODUCTS_DIR)/Good Luck.app/Good Luck";
			};
			name = Release;
		};
/* End XCBuildConfiguration section */

/* Begin XCConfigurationList section */
		D67C681B1B44BB4A000BDA5D /* Build configuration list for PBXProject "Good Luck" */ = {
			isa = XCConfigurationList;
			buildConfigurations = (
				D67C683B1B44BB4A000BDA5D /* Debug */,
				D67C683C1B44BB4A000BDA5D /* Release */,
			);
			defaultConfigurationIsVisible = 0;
			defaultConfigurationName = Release;
		};
		D67C683D1B44BB4A000BDA5D /* Build configuration list for PBXNativeTarget "Good Luck" */ = {
			isa = XCConfigurationList;
			buildConfigurations = (
				D67C683E1B44BB4A000BDA5D /* Debug */,
				D67C683F1B44BB4A000BDA5D /* Release */,
			);
			defaultConfigurationIsVisible = 0;
			defaultConfigurationName = Release;
		};
		D67C68401B44BB4A000BDA5D /* Build configuration list for PBXNativeTarget "Good LuckTests" */ = {
			isa = XCConfigurationList;
			buildConfigurations = (
				D67C68411B44BB4A000BDA5D /* Debug */,
				D67C68421B44BB4A000BDA5D /* Release */,
			);
			defaultConfigurationIsVisible = 0;
			defaultConfigurationName = Release;
		};
/* End XCConfigurationList section */
	};
	rootObject = D67C68181B44BB4A000BDA5D /* Project object */;
}
